
Microsoft Visual Studio Solution File, Format Version 12.00
# Visual Studio 14
VisualStudioVersion = 14.0.25420.1
MinimumVisualStudioVersion = 10.0.40219.1
Project("{FAE04EC0-301F-11D3-BF4B-00C04F79EFBC}") = "nngpuVisualization", "nngpuVisualization\nngpuVisualization.csproj", "{75699099-ED06-436E-A632-EED6239B0CDB}"
EndProject
Project("{8BC9CEB8-8B4A-11D0-8D11-00A0C91BC942}") = "nngpuLib", "..\nngpuLib\nngpuLib\nngpuLib.vcxproj", "{199A53C3-3AE6-4992-95DE-DEA6F69CC40E}"
EndProject
Project("{8BC9CEB8-8B4A-11D0-8D11-00A0C91BC942}") = "nngpuTest", "..\nngpuTest\nngpuTest.vcxproj", "{F90CE20A-CC4F-469A-B078-2CD5D6A91ECF}"
EndProject
Global
	GlobalSection(SolutionConfigurationPlatforms) = preSolution
		Debug|Any CPU = Debug|Any CPU
		Debug|x64 = Debug|x64
		Debug|x86 = Debug|x86
		Release|Any CPU = Release|Any CPU
		Release|x64 = Release|x64
		Release|x86 = Release|x86
	EndGlobalSection
	GlobalSection(ProjectConfigurationPlatforms) = postSolution
		{75699099-ED06-436E-A632-EED6239B0CDB}.Debug|Any CPU.ActiveCfg = Debug|Any CPU
		{75699099-ED06-436E-A632-EED6239B0CDB}.Debug|Any CPU.Build.0 = Debug|Any CPU
		{75699099-ED06-436E-A632-EED6239B0CDB}.Debug|x64.ActiveCfg = Debug|Any CPU
		{75699099-ED06-436E-A632-EED6239B0CDB}.Debug|x64.Build.0 = Debug|Any CPU
		{75699099-ED06-436E-A632-EED6239B0CDB}.Debug|x86.ActiveCfg = Debug|Any CPU
		{75699099-ED06-436E-A632-EED6239B0CDB}.Debug|x86.Build.0 = Debug|Any CPU
		{75699099-ED06-436E-A632-EED6239B0CDB}.Release|Any CPU.ActiveCfg = Release|Any CPU
		{75699099-ED06-436E-A632-EED6239B0CDB}.Release|Any CPU.Build.0 = Release|Any CPU
		{75699099-ED06-436E-A632-EED6239B0CDB}.Release|x64.ActiveCfg = Release|Any CPU
		{75699099-ED06-436E-A632-EED6239B0CDB}.Release|x64.Build.0 = Release|Any CPU
		{75699099-ED06-436E-A632-EED6239B0CDB}.Release|x86.ActiveCfg = Release|Any CPU
		{75699099-ED06-436E-A632-EED6239B0CDB}.Release|x86.Build.0 = Release|Any CPU
		{199A53C3-3AE6-4992-95DE-DEA6F69CC40E}.Debug|Any CPU.ActiveCfg = Debug|Win32
		{199A53C3-3AE6-4992-95DE-DEA6F69CC40E}.Debug|x64.ActiveCfg = Debug|x64
		{199A53C3-3AE6-4992-95DE-DEA6F69CC40E}.Debug|x64.Build.0 = Debug|x64
		{199A53C3-3AE6-4992-95DE-DEA6F69CC40E}.Debug|x86.ActiveCfg = Debug|Win32
		{199A53C3-3AE6-4992-95DE-DEA6F69CC40E}.Debug|x86.Build.0 = Debug|Win32
		{199A53C3-3AE6-4992-95DE-DEA6F69CC40E}.Release|Any CPU.ActiveCfg = Release|Win32
		{199A53C3-3AE6-4992-95DE-DEA6F69CC40E}.Release|x64.ActiveCfg = Release|x64
		{199A53C3-3AE6-4992-95DE-DEA6F69CC40E}.Release|x64.Build.0 = Release|x64
		{199A53C3-3AE6-4992-95DE-DEA6F69CC40E}.Release|x86.ActiveCfg = Release|Win32
		{199A53C3-3AE6-4992-95DE-DEA6F69CC40E}.Release|x86.Build.0 = Release|Win32
		{F90CE20A-CC4F-469A-B078-2CD5D6A91ECF}.Debug|Any CPU.ActiveCfg = Debug|Win32
		{F90CE20A-CC4F-469A-B078-2CD5D6A91ECF}.Debug|x64.ActiveCfg = Debug|x64
		{F90CE20A-CC4F-469A-B078-2CD5D6A91ECF}.Debug|x64.Build.0 = Debug|x64
		{F90CE20A-CC4F-469A-B078-2CD5D6A91ECF}.Debug|x86.ActiveCfg = Debug|Win32
		{F90CE20A-CC4F-469A-B078-2CD5D6A91ECF}.Debug|x86.Build.0 = Debug|Win32
		{F90CE20A-CC4F-469A-B078-2CD5D6A91ECF}.Release|Any CPU.ActiveCfg = Release|Win32
		{F90CE20A-CC4F-469A-B078-2CD5D6A91ECF}.Release|x64.ActiveCfg = Release|x64
		{F90CE20A-CC4F-469A-B078-2CD5D6A91ECF}.Release|x64.Build.0 = Release|x64
		{F90CE20A-CC4F-469A-B078-2CD5D6A91ECF}.Release|x86.ActiveCfg = Release|Win32
		{F90CE20A-CC4F-469A-B078-2CD5D6A91ECF}.Release|x86.Build.0 = Release|Win32
	EndGlobalSection
	GlobalSection(SolutionProperties) = preSolution
		HideSolutionNode = FALSE
	EndGlobalSection
EndGlobal
